
Microsoft Visual Studio Solution File, Format Version 12.00
# Visual Studio Version 16
VisualStudioVersion = 16.0.34031.81
MinimumVisualStudioVersion = 10.0.40219.1
Project("{FAE04EC0-301F-11D3-BF4B-00C04F79EFBC}") = "Ai_Lab4", "Ai_Lab4.csproj", "{1F40DA98-70CF-4072-9294-3F58E226FCBF}"
EndProject
Global
	GlobalSection(SolutionConfigurationPlatforms) = preSolution
		Debug|Any CPU = Debug|Any CPU
		Release|Any CPU = Release|Any CPU
	EndGlobalSection
	GlobalSection(ProjectConfigurationPlatforms) = postSolution
		{1F40DA98-70CF-4072-9294-3F58E226FCBF}.Debug|Any CPU.ActiveCfg = Debug|Any CPU
		{1F40DA98-70CF-4072-9294-3F58E226FCBF}.Debug|Any CPU.Build.0 = Debug|Any CPU
		{1F40DA98-70CF-4072-9294-3F58E226FCBF}.Release|Any CPU.ActiveCfg = Release|Any CPU
		{1F40DA98-70CF-4072-9294-3F58E226FCBF}.Release|Any CPU.Build.0 = Release|Any CPU
	EndGlobalSection
	GlobalSection(SolutionProperties) = preSolution
		HideSolutionNode = FALSE
	EndGlobalSection
	GlobalSection(ExtensibilityGlobals) = postSolution
		SolutionGuid = {11A46669-2B0B-41C7-B56C-6DA4D5F77F24}
	EndGlobalSection
EndGlobal
